
Microsoft Visual Studio Solution File, Format Version 12.00
# Visual Studio Version 17
VisualStudioVersion = 17.11.35219.272
MinimumVisualStudioVersion = 10.0.40219.1
Project("{FAE04EC0-301F-11D3-BF4B-00C04F79EFBC}") = "UserMessages", "UserMessages\UserMessages.csproj", "{CFBFA303-BF85-4F3E-ABE5-261DFA9025EB}"
EndProject
Global
	GlobalSection(SolutionConfigurationPlatforms) = preSolution
		Debug|Any CPU = Debug|Any CPU
		Release|Any CPU = Release|Any CPU
	EndGlobalSection
	GlobalSection(ProjectConfigurationPlatforms) = postSolution
		{CFBFA303-BF85-4F3E-ABE5-261DFA9025EB}.Debug|Any CPU.ActiveCfg = Release|Any CPU
		{CFBFA303-BF85-4F3E-ABE5-261DFA9025EB}.Debug|Any CPU.Build.0 = Release|Any CPU
		{CFBFA303-BF85-4F3E-ABE5-261DFA9025EB}.Release|Any CPU.ActiveCfg = Release|Any CPU
		{CFBFA303-BF85-4F3E-ABE5-261DFA9025EB}.Release|Any CPU.Build.0 = Release|Any CPU
	EndGlobalSection
	GlobalSection(SolutionProperties) = preSolution
		HideSolutionNode = FALSE
	EndGlobalSection
	GlobalSection(ExtensibilityGlobals) = postSolution
		SolutionGuid = {BD617DB5-445D-4FE3-BB1A-B2512AE4BAF2}
	EndGlobalSection
EndGlobal
